{
  "name": "scripts",
  "version": "1.0.0",
  "lockfileVersion": 2,
  "requires": true,
  "packages": {
    "": {
      "version": "1.0.0",
      "license": "ISC",
      "dependencies": {
        "jose": "^4.1.2"
      }
    },
    "node_modules/jose": {
      "version": "4.1.2",
      "resolved": "https://registry.npmjs.org/jose/-/jose-4.1.2.tgz",
      "integrity": "sha512-1X2Lfm7myqavybkbgUyao/ocdCA9LPq0J60Miguasy7szHjViMkGadJ6Kx9WyWClgyTYQ7JPBGQ/fXuzqeZyTQ==",
      "funding": {
        "url": "https://github.com/sponsors/panva"
      }
    }
  },
  "dependencies": {
    "jose": {
      "version": "4.1.2",
      "resolved": "https://registry.npmjs.org/jose/-/jose-4.1.2.tgz",
      "integrity": "sha512-1X2Lfm7myqavybkbgUyao/ocdCA9LPq0J60Miguasy7szHjViMkGadJ6Kx9WyWClgyTYQ7JPBGQ/fXuzqeZyTQ=="
    }
  }
}
